
Microsoft Visual Studio Solution File, Format Version 12.00
# Visual Studio Version 17
VisualStudioVersion = 17.9.34728.123
MinimumVisualStudioVersion = 10.0.40219.1
Project("{FAE04EC0-301F-11D3-BF4B-00C04F79EFBC}") = "Notes.Api", "Notes.Api.csproj", "{F1978A42-40F0-49EE-8BE8-6021F45EE86B}"
EndProject
Global
	GlobalSection(SolutionConfigurationPlatforms) = preSolution
		Debug|Any CPU = Debug|Any CPU
		Release|Any CPU = Release|Any CPU
	EndGlobalSection
	GlobalSection(ProjectConfigurationPlatforms) = postSolution
		{F1978A42-40F0-49EE-8BE8-6021F45EE86B}.Debug|Any CPU.ActiveCfg = Debug|Any CPU
		{F1978A42-40F0-49EE-8BE8-6021F45EE86B}.Debug|Any CPU.Build.0 = Debug|Any CPU
		{F1978A42-40F0-49EE-8BE8-6021F45EE86B}.Release|Any CPU.ActiveCfg = Release|Any CPU
		{F1978A42-40F0-49EE-8BE8-6021F45EE86B}.Release|Any CPU.Build.0 = Release|Any CPU
	EndGlobalSection
	GlobalSection(SolutionProperties) = preSolution
		HideSolutionNode = FALSE
	EndGlobalSection
	GlobalSection(ExtensibilityGlobals) = postSolution
		SolutionGuid = {5E360E20-D52E-4F14-BFBA-B0ED7552E751}
	EndGlobalSection
EndGlobal
